// !$*UTF8*$!
{
	archiveVersion = 1;
	classes = {
	};
	objectVersion = 50;
	objects = {

/* Begin PBXBuildFile section */
		7A6DEE582610411B000B432C /* WebService.swift in Sources */ = {isa = PBXBuildFile; fileRef = 7A6DEE572610411B000B432C /* WebService.swift */; };
		7A6DEE5E26104872000B432C /* Article.swift in Sources */ = {isa = PBXBuildFile; fileRef = 7A6DEE5D26104872000B432C /* Article.swift */; };
		7A6DEE6326104DFA000B432C /* ArtcieListViewModel.swift in Sources */ = {isa = PBXBuildFile; fileRef = 7A6DEE6226104DFA000B432C /* ArtcieListViewModel.swift */; };
		7A6DEE6826105440000B432C /* ArticleTableViewCell.swift in Sources */ = {isa = PBXBuildFile; fileRef = 7A6DEE6726105440000B432C /* ArticleTableViewCell.swift */; };
		7AED7F1D260F334800512DE5 /* AppDelegate.swift in Sources */ = {isa = PBXBuildFile; fileRef = 7AED7F1C260F334800512DE5 /* AppDelegate.swift */; };
		7AED7F1F260F334800512DE5 /* SceneDelegate.swift in Sources */ = {isa = PBXBuildFile; fileRef = 7AED7F1E260F334800512DE5 /* SceneDelegate.swift */; };
		7AED7F24260F334800512DE5 /* Main.storyboard in Resources */ = {isa = PBXBuildFile; fileRef = 7AED7F22260F334800512DE5 /* Main.storyboard */; };
		7AED7F26260F334B00512DE5 /* Assets.xcassets in Resources */ = {isa = PBXBuildFile; fileRef = 7AED7F25260F334B00512DE5 /* Assets.xcassets */; };
		7AED7F29260F334B00512DE5 /* LaunchScreen.storyboard in Resources */ = {isa = PBXBuildFile; fileRef = 7AED7F27260F334B00512DE5 /* LaunchScreen.storyboard */; };
		7AED7F34260F340800512DE5 /* NewsListTableViewController.swift in Sources */ = {isa = PBXBuildFile; fileRef = 7AED7F33260F340800512DE5 /* NewsListTableViewController.swift */; };
/* End PBXBuildFile section */

/* Begin PBXFileReference section */
		7A6DEE572610411B000B432C /* WebService.swift */ = {isa = PBXFileReference; lastKnownFileType = sourcecode.swift; path = WebService.swift; sourceTree = "<group>"; };
		7A6DEE5D26104872000B432C /* Article.swift */ = {isa = PBXFileReference; lastKnownFileType = sourcecode.swift; path = Article.swift; sourceTree = "<group>"; };
		7A6DEE6226104DFA000B432C /* ArtcieListViewModel.swift */ = {isa = PBXFileReference; lastKnownFileType = sourcecode.swift; path = ArtcieListViewModel.swift; sourceTree = "<group>"; };
		7A6DEE6726105440000B432C /* ArticleTableViewCell.swift */ = {isa = PBXFileReference; lastKnownFileType = sourcecode.swift; path = ArticleTableViewCell.swift; sourceTree = "<group>"; };
		7AED7F19260F334800512DE5 /* MVVMPractice_GoodNews.app */ = {isa = PBXFileReference; explicitFileType = wrapper.application; includeInIndex = 0; path = MVVMPractice_GoodNews.app; sourceTree = BUILT_PRODUCTS_DIR; };
		7AED7F1C260F334800512DE5 /* AppDelegate.swift */ = {isa = PBXFileReference; lastKnownFileType = sourcecode.swift; path = AppDelegate.swift; sourceTree = "<group>"; };
		7AED7F1E260F334800512DE5 /* SceneDelegate.swift */ = {isa = PBXFileReference; lastKnownFileType = sourcecode.swift; path = SceneDelegate.swift; sourceTree = "<group>"; };
		7AED7F23260F334800512DE5 /* Base */ = {isa = PBXFileReference; lastKnownFileType = file.storyboard; name = Base; path = Base.lproj/Main.storyboard; sourceTree = "<group>"; };
		7AED7F25260F334B00512DE5 /* Assets.xcassets */ = {isa = PBXFileReference; lastKnownFileType = folder.assetcatalog; path = Assets.xcassets; sourceTree = "<group>"; };
		7AED7F28260F334B00512DE5 /* Base */ = {isa = PBXFileReference; lastKnownFileType = file.storyboard; name = Base; path = Base.lproj/LaunchScreen.storyboard; sourceTree = "<group>"; };
		7AED7F2A260F334B00512DE5 /* Info.plist */ = {isa = PBXFileReference; lastKnownFileType = text.plist.xml; path = Info.plist; sourceTree = "<group>"; };
		7AED7F33260F340800512DE5 /* NewsListTableViewController.swift */ = {isa = PBXFileReference; lastKnownFileType = sourcecode.swift; path = NewsListTableViewController.swift; sourceTree = "<group>"; };
/* End PBXFileReference section */

/* Begin PBXFrameworksBuildPhase section */
		7AED7F16260F334800512DE5 /* Frameworks */ = {
			isa = PBXFrameworksBuildPhase;
			buildActionMask = 2147483647;
			files = (
			);
			runOnlyForDeploymentPostprocessing = 0;
		};
/* End PBXFrameworksBuildPhase section */

/* Begin PBXGroup section */
		7A6DEE56261040E6000B432C /* Services */ = {
			isa = PBXGroup;
			children = (
				7A6DEE572610411B000B432C /* WebService.swift */,
			);
			path = Services;
			sourceTree = "<group>";
		};
		7A6DEE5C2610485E000B432C /* Models */ = {
			isa = PBXGroup;
			children = (
				7A6DEE5D26104872000B432C /* Article.swift */,
			);
			path = Models;
			sourceTree = "<group>";
		};
		7A6DEE6126104DDE000B432C /* ViewModels */ = {
			isa = PBXGroup;
			children = (
				7A6DEE6226104DFA000B432C /* ArtcieListViewModel.swift */,
			);
			path = ViewModels;
			sourceTree = "<group>";
		};
		7A6DEE662610542D000B432C /* Cells */ = {
			isa = PBXGroup;
			children = (
				7A6DEE6726105440000B432C /* ArticleTableViewCell.swift */,
			);
			path = Cells;
			sourceTree = "<group>";
		};
		7AED7F10260F334800512DE5 = {
			isa = PBXGroup;
			children = (
				7AED7F1B260F334800512DE5 /* MVVMPractice_GoodNews */,
				7AED7F1A260F334800512DE5 /* Products */,
			);
			sourceTree = "<group>";
		};
		7AED7F1A260F334800512DE5 /* Products */ = {
			isa = PBXGroup;
			children = (
				7AED7F19260F334800512DE5 /* MVVMPractice_GoodNews.app */,
			);
			name = Products;
			sourceTree = "<group>";
		};
		7AED7F1B260F334800512DE5 /* MVVMPractice_GoodNews */ = {
			isa = PBXGroup;
			children = (
				7A6DEE662610542D000B432C /* Cells */,
				7A6DEE6126104DDE000B432C /* ViewModels */,
				7A6DEE5C2610485E000B432C /* Models */,
				7A6DEE56261040E6000B432C /* Services */,
				7AED7F32260F33D400512DE5 /* Controllers */,
				7AED7F1C260F334800512DE5 /* AppDelegate.swift */,
				7AED7F1E260F334800512DE5 /* SceneDelegate.swift */,
				7AED7F22260F334800512DE5 /* Main.storyboard */,
				7AED7F25260F334B00512DE5 /* Assets.xcassets */,
				7AED7F27260F334B00512DE5 /* LaunchScreen.storyboard */,
				7AED7F2A260F334B00512DE5 /* Info.plist */,
			);
			path = MVVMPractice_GoodNews;
			sourceTree = "<group>";
		};
		7AED7F32260F33D400512DE5 /* Controllers */ = {
			isa = PBXGroup;
			children = (
				7AED7F33260F340800512DE5 /* NewsListTableViewController.swift */,
			);
			path = Controllers;
			sourceTree = "<group>";
		};
/* End PBXGroup section */

/* Begin PBXNativeTarget section */
		7AED7F18260F334800512DE5 /* MVVMPractice_GoodNews */ = {
			isa = PBXNativeTarget;
			buildConfigurationList = 7AED7F2D260F334B00512DE5 /* Build configuration list for PBXNativeTarget "MVVMPractice_GoodNews" */;
			buildPhases = (
				7AED7F15260F334800512DE5 /* Sources */,
				7AED7F16260F334800512DE5 /* Frameworks */,
				7AED7F17260F334800512DE5 /* Resources */,
			);
			buildRules = (
			);
			dependencies = (
			);
			name = MVVMPractice_GoodNews;
			productName = MVVMPractice_GoodNews;
			productReference = 7AED7F19260F334800512DE5 /* MVVMPractice_GoodNews.app */;
			productType = "com.apple.product-type.application";
		};
/* End PBXNativeTarget section */

/* Begin PBXProject section */
		7AED7F11260F334800512DE5 /* Project object */ = {
			isa = PBXProject;
			attributes = {
				LastSwiftUpdateCheck = 1240;
				LastUpgradeCheck = 1240;
				TargetAttributes = {
					7AED7F18260F334800512DE5 = {
						CreatedOnToolsVersion = 12.4;
					};
				};
			};
			buildConfigurationList = 7AED7F14260F334800512DE5 /* Build configuration list for PBXProject "MVVMPractice_GoodNews" */;
			compatibilityVersion = "Xcode 9.3";
			developmentRegion = en;
			hasScannedForEncodings = 0;
			knownRegions = (
				en,
				Base,
			);
			mainGroup = 7AED7F10260F334800512DE5;
			productRefGroup = 7AED7F1A260F334800512DE5 /* Products */;
			projectDirPath = "";
			projectRoot = "";
			targets = (
				7AED7F18260F334800512DE5 /* MVVMPractice_GoodNews */,
			);
		};
/* End PBXProject section */

/* Begin PBXResourcesBuildPhase section */
		7AED7F17260F334800512DE5 /* Resources */ = {
			isa = PBXResourcesBuildPhase;
			buildActionMask = 2147483647;
			files = (
				7AED7F29260F334B00512DE5 /* LaunchScreen.storyboard in Resources */,
				7AED7F26260F334B00512DE5 /* Assets.xcassets in Resources */,
				7AED7F24260F334800512DE5 /* Main.storyboard in Resources */,
			);
			runOnlyForDeploymentPostprocessing = 0;
		};
/* End PBXResourcesBuildPhase section */

/* Begin PBXSourcesBuildPhase section */
		7AED7F15260F334800512DE5 /* Sources */ = {
			isa = PBXSourcesBuildPhase;
			buildActionMask = 2147483647;
			files = (
				7AED7F1D260F334800512DE5 /* AppDelegate.swift in Sources */,
				7A6DEE582610411B000B432C /* WebService.swift in Sources */,
				7A6DEE6326104DFA000B432C /* ArtcieListViewModel.swift in Sources */,
				7AED7F34260F340800512DE5 /* NewsListTableViewController.swift in Sources */,
				7AED7F1F260F334800512DE5 /* SceneDelegate.swift in Sources */,
				7A6DEE6826105440000B432C /* ArticleTableViewCell.swift in Sources */,
				7A6DEE5E26104872000B432C /* Article.swift in Sources */,
			);
			runOnlyForDeploymentPostprocessing = 0;
		};
/* End PBXSourcesBuildPhase section */

/* Begin PBXVariantGroup section */
		7AED7F22260F334800512DE5 /* Main.storyboard */ = {
			isa = PBXVariantGroup;
			children = (
				7AED7F23260F334800512DE5 /* Base */,
			);
			name = Main.storyboard;
			sourceTree = "<group>";
		};
		7AED7F27260F334B00512DE5 /* LaunchScreen.storyboard */ = {
			isa = PBXVariantGroup;
			children = (
				7AED7F28260F334B00512DE5 /* Base */,
			);
			name = LaunchScreen.storyboard;
			sourceTree = "<group>";
		};
/* End PBXVariantGroup section */

/* Begin XCBuildConfiguration section */
		7AED7F2B260F334B00512DE5 /* Debug */ = {
			isa = XCBuildConfiguration;
			buildSettings = {
				ALWAYS_SEARCH_USER_PATHS = NO;
				CLANG_ANALYZER_NONNULL = YES;
				CLANG_ANALYZER_NUMBER_OBJECT_CONVERSION = YES_AGGRESSIVE;
				CLANG_CXX_LANGUAGE_STANDARD = "gnu++14";
				CLANG_CXX_LIBRARY = "libc++";
				CLANG_ENABLE_MODULES = YES;
				CLANG_ENABLE_OBJC_ARC = YES;
				CLANG_ENABLE_OBJC_WEAK = YES;
				CLANG_WARN_BLOCK_CAPTURE_AUTORELEASING = YES;
				CLANG_WARN_BOOL_CONVERSION = YES;
				CLANG_WARN_COMMA = YES;
				CLANG_WARN_CONSTANT_CONVERSION = YES;
				CLANG_WARN_DEPRECATED_OBJC_IMPLEMENTATIONS = YES;
				CLANG_WARN_DIRECT_OBJC_ISA_USAGE = YES_ERROR;
				CLANG_WARN_DOCUMENTATION_COMMENTS = YES;
				CLANG_WARN_EMPTY_BODY = YES;
				CLANG_WARN_ENUM_CONVERSION = YES;
				CLANG_WARN_INFINITE_RECURSION = YES;
				CLANG_WARN_INT_CONVERSION = YES;
				CLANG_WARN_NON_LITERAL_NULL_CONVERSION = YES;
				CLANG_WARN_OBJC_IMPLICIT_RETAIN_SELF = YES;
				CLANG_WARN_OBJC_LITERAL_CONVERSION = YES;
				CLANG_WARN_OBJC_ROOT_CLASS = YES_ERROR;
				CLANG_WARN_QUOTED_INCLUDE_IN_FRAMEWORK_HEADER = YES;
				CLANG_WARN_RANGE_LOOP_ANALYSIS = YES;
				CLANG_WARN_STRICT_PROTOTYPES = YES;
				CLANG_WARN_SUSPICIOUS_MOVE = YES;
				CLANG_WARN_UNGUARDED_AVAILABILITY = YES_AGGRESSIVE;
				CLANG_WARN_UNREACHABLE_CODE = YES;
				CLANG_WARN__DUPLICATE_METHOD_MATCH = YES;
				COPY_PHASE_STRIP = NO;
				DEBUG_INFORMATION_FORMAT = dwarf;
				ENABLE_STRICT_OBJC_MSGSEND = YES;
				ENABLE_TESTABILITY = YES;
				GCC_C_LANGUAGE_STANDARD = gnu11;
				GCC_DYNAMIC_NO_PIC = NO;
				GCC_NO_COMMON_BLOCKS = YES;
				GCC_OPTIMIZATION_LEVEL = 0;
				GCC_PREPROCESSOR_DEFINITIONS = (
					"DEBUG=1",
					"$(inherited)",
				);
				GCC_WARN_64_TO_32_BIT_CONVERSION = YES;
				GCC_WARN_ABOUT_RETURN_TYPE = YES_ERROR;
				GCC_WARN_UNDECLARED_SELECTOR = YES;
				GCC_WARN_UNINITIALIZED_AUTOS = YES_AGGRESSIVE;
				GCC_WARN_UNUSED_FUNCTION = YES;
				GCC_WARN_UNUSED_VARIABLE = YES;
				IPHONEOS_DEPLOYMENT_TARGET = 14.4;
				MTL_ENABLE_DEBUG_INFO = INCLUDE_SOURCE;
				MTL_FAST_MATH = YES;
				ONLY_ACTIVE_ARCH = YES;
				SDKROOT = iphoneos;
				SWIFT_ACTIVE_COMPILATION_CONDITIONS = DEBUG;
				SWIFT_OPTIMIZATION_LEVEL = "-Onone";
			};
			name = Debug;
		};
		7AED7F2C260F334B00512DE5 /* Release */ = {
			isa = XCBuildConfiguration;
			buildSettings = {
				ALWAYS_SEARCH_USER_PATHS = NO;
				CLANG_ANALYZER_NONNULL = YES;
				CLANG_ANALYZER_NUMBER_OBJECT_CONVERSION = YES_AGGRESSIVE;
				CLANG_CXX_LANGUAGE_STANDARD = "gnu++14";
				CLANG_CXX_LIBRARY = "libc++";
				CLANG_ENABLE_MODULES = YES;
				CLANG_ENABLE_OBJC_ARC = YES;
				CLANG_ENABLE_OBJC_WEAK = YES;
				CLANG_WARN_BLOCK_CAPTURE_AUTORELEASING = YES;
				CLANG_WARN_BOOL_CONVERSION = YES;
				CLANG_WARN_COMMA = YES;
				CLANG_WARN_CONSTANT_CONVERSION = YES;
				CLANG_WARN_DEPRECATED_OBJC_IMPLEMENTATIONS = YES;
				CLANG_WARN_DIRECT_OBJC_ISA_USAGE = YES_ERROR;
				CLANG_WARN_DOCUMENTATION_COMMENTS = YES;
				CLANG_WARN_EMPTY_BODY = YES;
				CLANG_WARN_ENUM_CONVERSION = YES;
				CLANG_WARN_INFINITE_RECURSION = YES;
				CLANG_WARN_INT_CONVERSION = YES;
				CLANG_WARN_NON_LITERAL_NULL_CONVERSION = YES;
				CLANG_WARN_OBJC_IMPLICIT_RETAIN_SELF = YES;
				CLANG_WARN_OBJC_LITERAL_CONVERSION = YES;
				CLANG_WARN_OBJC_ROOT_CLASS = YES_ERROR;
				CLANG_WARN_QUOTED_INCLUDE_IN_FRAMEWORK_HEADER = YES;
				CLANG_WARN_RANGE_LOOP_ANALYSIS = YES;
				CLANG_WARN_STRICT_PROTOTYPES = YES;
				CLANG_WARN_SUSPICIOUS_MOVE = YES;
				CLANG_WARN_UNGUARDED_AVAILABILITY = YES_AGGRESSIVE;
				CLANG_WARN_UNREACHABLE_CODE = YES;
				CLANG_WARN__DUPLICATE_METHOD_MATCH = YES;
				COPY_PHASE_STRIP = NO;
				DEBUG_INFORMATION_FORMAT = "dwarf-with-dsym";
				ENABLE_NS_ASSERTIONS = NO;
				ENABLE_STRICT_OBJC_MSGSEND = YES;
				GCC_C_LANGUAGE_STANDARD = gnu11;
				GCC_NO_COMMON_BLOCKS = YES;
				GCC_WARN_64_TO_32_BIT_CONVERSION = YES;
				GCC_WARN_ABOUT_RETURN_TYPE = YES_ERROR;
				GCC_WARN_UNDECLARED_SELECTOR = YES;
				GCC_WARN_UNINITIALIZED_AUTOS = YES_AGGRESSIVE;
				GCC_WARN_UNUSED_FUNCTION = YES;
				GCC_WARN_UNUSED_VARIABLE = YES;
				IPHONEOS_DEPLOYMENT_TARGET = 14.4;
				MTL_ENABLE_DEBUG_INFO = NO;
				MTL_FAST_MATH = YES;
				SDKROOT = iphoneos;
				SWIFT_COMPILATION_MODE = wholemodule;
				SWIFT_OPTIMIZATION_LEVEL = "-O";
				VALIDATE_PRODUCT = YES;
			};
			name = Release;
		};
		7AED7F2E260F334B00512DE5 /* Debug */ = {
			isa = XCBuildConfiguration;
			buildSettings = {
				ASSETCATALOG_COMPILER_APPICON_NAME = AppIcon;
				ASSETCATALOG_COMPILER_GLOBAL_ACCENT_COLOR_NAME = AccentColor;
				CODE_SIGN_STYLE = Automatic;
				DEVELOPMENT_TEAM = VWY286867X;
				INFOPLIST_FILE = MVVMPractice_GoodNews/Info.plist;
				LD_RUNPATH_SEARCH_PATHS = (
					"$(inherited)",
					"@executable_path/Frameworks",
				);
				PRODUCT_BUNDLE_IDENTIFIER = "com.kchoi.MVVMPractice-GoodNews";
				PRODUCT_NAME = "$(TARGET_NAME)";
				SWIFT_VERSION = 5.0;
				TARGETED_DEVICE_FAMILY = "1,2";
			};
			name = Debug;
		};
		7AED7F2F260F334B00512DE5 /* Release */ = {
			isa = XCBuildConfiguration;
			buildSettings = {
				ASSETCATALOG_COMPILER_APPICON_NAME = AppIcon;
				ASSETCATALOG_COMPILER_GLOBAL_ACCENT_COLOR_NAME = AccentColor;
				CODE_SIGN_STYLE = Automatic;
				DEVELOPMENT_TEAM = VWY286867X;
				INFOPLIST_FILE = MVVMPractice_GoodNews/Info.plist;
				LD_RUNPATH_SEARCH_PATHS = (
					"$(inherited)",
					"@executable_path/Frameworks",
				);
				PRODUCT_BUNDLE_IDENTIFIER = "com.kchoi.MVVMPractice-GoodNews";
				PRODUCT_NAME = "$(TARGET_NAME)";
				SWIFT_VERSION = 5.0;
				TARGETED_DEVICE_FAMILY = "1,2";
			};
			name = Release;
		};
/* End XCBuildConfiguration section */

/* Begin XCConfigurationList section */
		7AED7F14260F334800512DE5 /* Build configuration list for PBXProject "MVVMPractice_GoodNews" */ = {
			isa = XCConfigurationList;
			buildConfigurations = (
				7AED7F2B260F334B00512DE5 /* Debug */,
				7AED7F2C260F334B00512DE5 /* Release */,
			);
			defaultConfigurationIsVisible = 0;
			defaultConfigurationName = Release;
		};
		7AED7F2D260F334B00512DE5 /* Build configuration list for PBXNativeTarget "MVVMPractice_GoodNews" */ = {
			isa = XCConfigurationList;
			buildConfigurations = (
				7AED7F2E260F334B00512DE5 /* Debug */,
				7AED7F2F260F334B00512DE5 /* Release */,
			);
			defaultConfigurationIsVisible = 0;
			defaultConfigurationName = Release;
		};
/* End XCConfigurationList section */
	};
	rootObject = 7AED7F11260F334800512DE5 /* Project object */;
}
